description: "Light Sensor device type (IlluminanceMeasurement, log10 lux × 10000) (Matter: light_sensor; RainMaker: esp.device.other)"
device_types:
  matter: light_sensor
  rainmaker: esp.device.other
  zigbee: EZB_ZHA_LIGHT_SENSOR_DEVICE_ID

# Framework SDK deps come from the framework blocks (frameworks/matter,
# frameworks/rainmaker) — this block contributes only bindings.

params:
  label:
    type: string
    default: Light Sensor
    description: User-visible device name (RainMaker device name; must be unique per node)
  zb_endpoint:
    type: int
    default: 23
    description: Zigbee endpoint number (1-240; must be unique per node)

driver_params:
  value_param:
    type: u16
    required: true
    description: Driver param ID for measured illuminance (uint16_t, MeasuredValue spec encoding)

# Voice-absent: read-only telemetry — there are no commands to issue, and with no TTS path the device cannot answer a question about a reading either.
